{
  "name": "npm",
  "lockfileVersion": 3,
  "requires": true,
  "packages": {
    "": {
      "dependencies": {
        "calculus-of-constructions": "^0.1.4"
      }
    },
    "node_modules/calculus-of-constructions": {
      "version": "0.1.4",
      "resolved": "https://registry.npmjs.org/calculus-of-constructions/-/calculus-of-constructions-0.1.4.tgz",
      "integrity": "sha512-kdb7wFpe80GuDrscs7ROQVQI25ki8mDUb6BdqCjYyGI568VR7GBW7D+8Wt+y0/FGw5Mt5wghIUdts2oCPD68Dw==",
      "bin": {
        "coc": "src/cmds.js"
      }
    }
  }
}
